
Microsoft Visual Studio Solution File, Format Version 12.00
# Visual Studio Version 17
VisualStudioVersion = 17.14.36408.4 d17.14
MinimumVisualStudioVersion = 10.0.40219.1
Project("{FAE04EC0-301F-11D3-BF4B-00C04F79EFBC}") = "UanUiMarkup", "UanUiMarkup.csproj", "{5B1BA483-6DB6-48BA-A7A8-B857A1E42D8B}"
EndProject
Global
	GlobalSection(SolutionConfigurationPlatforms) = preSolution
		Debug|Any CPU = Debug|Any CPU
		Release|Any CPU = Release|Any CPU
	EndGlobalSection
	GlobalSection(ProjectConfigurationPlatforms) = postSolution
		{5B1BA483-6DB6-48BA-A7A8-B857A1E42D8B}.Debug|Any CPU.ActiveCfg = Debug|Any CPU
		{5B1BA483-6DB6-48BA-A7A8-B857A1E42D8B}.Debug|Any CPU.Build.0 = Debug|Any CPU
		{5B1BA483-6DB6-48BA-A7A8-B857A1E42D8B}.Release|Any CPU.ActiveCfg = Release|Any CPU
		{5B1BA483-6DB6-48BA-A7A8-B857A1E42D8B}.Release|Any CPU.Build.0 = Release|Any CPU
	EndGlobalSection
	GlobalSection(SolutionProperties) = preSolution
		HideSolutionNode = FALSE
	EndGlobalSection
	GlobalSection(ExtensibilityGlobals) = postSolution
		SolutionGuid = {EEB7D543-F61B-47F1-AFD9-9751E4047D49}
	EndGlobalSection
EndGlobal
